
Microsoft Visual Studio Solution File, Format Version 11.00
# Visual Studio 2010
Project("{8BC9CEB8-8B4A-11D0-8D11-00A0C91BC942}") = "dynamixel2_win64", "dynamixel2_win64.vcxproj", "{69FD1F24-2C06-4A3C-AFF1-FE405CA6681C}"
EndProject
Global
	GlobalSection(SolutionConfigurationPlatforms) = preSolution
		Debug|Win32 = Debug|Win32
		Debug|x64 = Debug|x64
		Release|Win32 = Release|Win32
		Release|x64 = Release|x64
	EndGlobalSection
	GlobalSection(ProjectConfigurationPlatforms) = postSolution
		{69FD1F24-2C06-4A3C-AFF1-FE405CA6681C}.Debug|Win32.ActiveCfg = Debug|Win32
		{69FD1F24-2C06-4A3C-AFF1-FE405CA6681C}.Debug|Win32.Build.0 = Debug|Win32
		{69FD1F24-2C06-4A3C-AFF1-FE405CA6681C}.Debug|x64.ActiveCfg = Debug|x64
		{69FD1F24-2C06-4A3C-AFF1-FE405CA6681C}.Debug|x64.Build.0 = Debug|x64
		{69FD1F24-2C06-4A3C-AFF1-FE405CA6681C}.Release|Win32.ActiveCfg = Release|Win32
		{69FD1F24-2C06-4A3C-AFF1-FE405CA6681C}.Release|Win32.Build.0 = Release|Win32
		{69FD1F24-2C06-4A3C-AFF1-FE405CA6681C}.Release|x64.ActiveCfg = Release|x64
		{69FD1F24-2C06-4A3C-AFF1-FE405CA6681C}.Release|x64.Build.0 = Release|x64
	EndGlobalSection
	GlobalSection(SolutionProperties) = preSolution
		HideSolutionNode = FALSE
	EndGlobalSection
EndGlobal
